PODS:
  - MiniLayout (1.3.0)
  - MultiToggleButton (1.7.1)

DEPENDENCIES:
  - MiniLayout
  - MultiToggleButton (from `..`)

SPEC REPOS:
  https://github.com/cocoapods/specs.git:
    - MiniLayout

EXTERNAL SOURCES:
  MultiToggleButton:
    :path: ".."

SPEC CHECKSUMS:
  MiniLayout: 57c42e7e44cb47a9ef95650970ee1d2718725518
  MultiToggleButton: c62190ba44c547636e078cc30861e6897919f94e

PODFILE CHECKSUM: 98d9422f7ee60cdc52dc44f30f32a63badb089cd

COCOAPODS: 1.5.3
