// !$*UTF8*$!
{
	archiveVersion = 1;
	classes = {
	};
	objectVersion = 46;
	objects = {

/* Begin PBXBuildFile section */
		DCB36FDB1AA7657D000BB80E /* ToggleButtonDemo.swift in Sources */ = {isa = PBXBuildFile; fileRef = DCB36FDA1AA7657D000BB80E /* ToggleButtonDemo.swift */; };
		DCB36FDD1AA7659A000BB80E /* ToggleButton.swift in Sources */ = {isa = PBXBuildFile; fileRef = DCB36FDC1AA7659A000BB80E /* ToggleButton.swift */; };
		DCB36FDF1AA765CC000BB80E /* camera-flash@2x.png in Resources */ = {isa = PBXBuildFile; fileRef = DCB36FDE1AA765CC000BB80E /* camera-flash@2x.png */; };
/* End PBXBuildFile section */

/* Begin PBXFileReference section */
		DCB36FB51AA7652B000BB80E /* MultiToggleButton.app */ = {isa = PBXFileReference; explicitFileType = wrapper.application; includeInIndex = 0; path = MultiToggleButton.app; sourceTree = BUILT_PRODUCTS_DIR; };
		DCB36FB91AA7652B000BB80E /* Info.plist */ = {isa = PBXFileReference; lastKnownFileType = text.plist.xml; path = Info.plist; sourceTree = "<group>"; };
		DCB36FDA1AA7657D000BB80E /* ToggleButtonDemo.swift */ = {isa = PBXFileReference; fileEncoding = 4; lastKnownFileType = sourcecode.swift; path = ToggleButtonDemo.swift; sourceTree = "<group>"; };
		DCB36FDC1AA7659A000BB80E /* ToggleButton.swift */ = {isa = PBXFileReference; fileEncoding = 4; lastKnownFileType = sourcecode.swift; path = ToggleButton.swift; sourceTree = "<group>"; };
		DCB36FDE1AA765CC000BB80E /* camera-flash@2x.png */ = {isa = PBXFileReference; lastKnownFileType = image.png; path = "camera-flash@2x.png"; sourceTree = "<group>"; };
/* End PBXFileReference section */

/* Begin PBXFrameworksBuildPhase section */
		DCB36FB21AA7652B000BB80E /* Frameworks */ = {
			isa = PBXFrameworksBuildPhase;
			buildActionMask = 2147483647;
			files = (
			);
			runOnlyForDeploymentPostprocessing = 0;
		};
/* End PBXFrameworksBuildPhase section */

/* Begin PBXGroup section */
		DCB36FAC1AA7652B000BB80E = {
			isa = PBXGroup;
			children = (
				DCB36FDC1AA7659A000BB80E /* ToggleButton.swift */,
				DCB36FB71AA7652B000BB80E /* MultiToggleButton */,
				DCB36FB61AA7652B000BB80E /* Products */,
			);
			sourceTree = "<group>";
		};
		DCB36FB61AA7652B000BB80E /* Products */ = {
			isa = PBXGroup;
			children = (
				DCB36FB51AA7652B000BB80E /* MultiToggleButton.app */,
			);
			name = Products;
			sourceTree = "<group>";
		};
		DCB36FB71AA7652B000BB80E /* MultiToggleButton */ = {
			isa = PBXGroup;
			children = (
				DCB36FDA1AA7657D000BB80E /* ToggleButtonDemo.swift */,
				DCB36FDE1AA765CC000BB80E /* camera-flash@2x.png */,
				DCB36FB81AA7652B000BB80E /* Supporting Files */,
			);
			path = MultiToggleButton;
			sourceTree = "<group>";
		};
		DCB36FB81AA7652B000BB80E /* Supporting Files */ = {
			isa = PBXGroup;
			children = (
				DCB36FB91AA7652B000BB80E /* Info.plist */,
			);
			name = "Supporting Files";
			sourceTree = "<group>";
		};
/* End PBXGroup section */

/* Begin PBXNativeTarget section */
		DCB36FB41AA7652B000BB80E /* MultiToggleButton */ = {
			isa = PBXNativeTarget;
			buildConfigurationList = DCB36FD41AA7652B000BB80E /* Build configuration list for PBXNativeTarget "MultiToggleButton" */;
			buildPhases = (
				DCB36FB11AA7652B000BB80E /* Sources */,
				DCB36FB21AA7652B000BB80E /* Frameworks */,
				DCB36FB31AA7652B000BB80E /* Resources */,
			);
			buildRules = (
			);
			dependencies = (
			);
			name = MultiToggleButton;
			productName = MultiToggleButton;
			productReference = DCB36FB51AA7652B000BB80E /* MultiToggleButton.app */;
			productType = "com.apple.product-type.application";
		};
/* End PBXNativeTarget section */

/* Begin PBXProject section */
		DCB36FAD1AA7652B000BB80E /* Project object */ = {
			isa = PBXProject;
			attributes = {
				LastUpgradeCheck = 0630;
				ORGANIZATIONNAME = "Yonat Sharon";
				TargetAttributes = {
					DCB36FB41AA7652B000BB80E = {
						CreatedOnToolsVersion = 6.3;
					};
				};
			};
			buildConfigurationList = DCB36FB01AA7652B000BB80E /* Build configuration list for PBXProject "MultiToggleButton" */;
			compatibilityVersion = "Xcode 3.2";
			developmentRegion = English;
			hasScannedForEncodings = 0;
			knownRegions = (
				en,
				Base,
			);
			mainGroup = DCB36FAC1AA7652B000BB80E;
			productRefGroup = DCB36FB61AA7652B000BB80E /* Products */;
			projectDirPath = "";
			projectRoot = "";
			targets = (
				DCB36FB41AA7652B000BB80E /* MultiToggleButton */,
			);
		};
/* End PBXProject section */

/* Begin PBXResourcesBuildPhase section */
		DCB36FB31AA7652B000BB80E /* Resources */ = {
			isa = PBXResourcesBuildPhase;
			buildActionMask = 2147483647;
			files = (
				DCB36FDF1AA765CC000BB80E /* camera-flash@2x.png in Resources */,
			);
			runOnlyForDeploymentPostprocessing = 0;
		};
/* End PBXResourcesBuildPhase section */

/* Begin PBXSourcesBuildPhase section */
		DCB36FB11AA7652B000BB80E /* Sources */ = {
			isa = PBXSourcesBuildPhase;
			buildActionMask = 2147483647;
			files = (
				DCB36FDB1AA7657D000BB80E /* ToggleButtonDemo.swift in Sources */,
				DCB36FDD1AA7659A000BB80E /* ToggleButton.swift in Sources */,
			);
			runOnlyForDeploymentPostprocessing = 0;
		};
/* End PBXSourcesBuildPhase section */

/* Begin XCBuildConfiguration section */
		DCB36FD21AA7652B000BB80E /* Debug */ = {
			isa = XCBuildConfiguration;
			buildSettings = {
				ALWAYS_SEARCH_USER_PATHS = NO;
				CLANG_CXX_LANGUAGE_STANDARD = "gnu++0x";
				CLANG_CXX_LIBRARY = "libc++";
				CLANG_ENABLE_MODULES = YES;
				CLANG_ENABLE_OBJC_ARC = YES;
				CLANG_WARN_BOOL_CONVERSION = YES;
				CLANG_WARN_CONSTANT_CONVERSION = YES;
				CLANG_WARN_DIRECT_OBJC_ISA_USAGE = YES_ERROR;
				CLANG_WARN_EMPTY_BODY = YES;
				CLANG_WARN_ENUM_CONVERSION = YES;
				CLANG_WARN_INT_CONVERSION = YES;
				CLANG_WARN_OBJC_ROOT_CLASS = YES_ERROR;
				CLANG_WARN_UNREACHABLE_CODE = YES;
				CLANG_WARN__DUPLICATE_METHOD_MATCH = YES;
				"CODE_SIGN_IDENTITY[sdk=iphoneos*]" = "iPhone Developer";
				COPY_PHASE_STRIP = NO;
				DEBUG_INFORMATION_FORMAT = dwarf;
				ENABLE_STRICT_OBJC_MSGSEND = YES;
				GCC_C_LANGUAGE_STANDARD = gnu99;
				GCC_DYNAMIC_NO_PIC = NO;
				GCC_NO_COMMON_BLOCKS = YES;
				GCC_OPTIMIZATION_LEVEL = 0;
				GCC_PREPROCESSOR_DEFINITIONS = (
					"DEBUG=1",
					"$(inherited)",
				);
				GCC_SYMBOLS_PRIVATE_EXTERN = NO;
				GCC_WARN_64_TO_32_BIT_CONVERSION = YES;
				GCC_WARN_ABOUT_RETURN_TYPE = YES_ERROR;
				GCC_WARN_UNDECLARED_SELECTOR = YES;
				GCC_WARN_UNINITIALIZED_AUTOS = YES_AGGRESSIVE;
				GCC_WARN_UNUSED_FUNCTION = YES;
				GCC_WARN_UNUSED_VARIABLE = YES;
				IPHONEOS_DEPLOYMENT_TARGET = 8.3;
				MTL_ENABLE_DEBUG_INFO = YES;
				ONLY_ACTIVE_ARCH = YES;
				SDKROOT = iphoneos;
				SWIFT_OPTIMIZATION_LEVEL = "-Onone";
				TARGETED_DEVICE_FAMILY = "1,2";
			};
			name = Debug;
		};
		DCB36FD31AA7652B000BB80E /* Release */ = {
			isa = XCBuildConfiguration;
			buildSettings = {
				ALWAYS_SEARCH_USER_PATHS = NO;
				CLANG_CXX_LANGUAGE_STANDARD = "gnu++0x";
				CLANG_CXX_LIBRARY = "libc++";
				CLANG_ENABLE_MODULES = YES;
				CLANG_ENABLE_OBJC_ARC = YES;
				CLANG_WARN_BOOL_CONVERSION = YES;
				CLANG_WARN_CONSTANT_CONVERSION = YES;
				CLANG_WARN_DIRECT_OBJC_ISA_USAGE = YES_ERROR;
				CLANG_WARN_EMPTY_BODY = YES;
				CLANG_WARN_ENUM_CONVERSION = YES;
				CLANG_WARN_INT_CONVERSION = YES;
				CLANG_WARN_OBJC_ROOT_CLASS = YES_ERROR;
				CLANG_WARN_UNREACHABLE_CODE = YES;
				CLANG_WARN__DUPLICATE_METHOD_MATCH = YES;
				"CODE_SIGN_IDENTITY[sdk=iphoneos*]" = "iPhone Developer";
				COPY_PHASE_STRIP = NO;
				DEBUG_INFORMATION_FORMAT = "dwarf-with-dsym";
				ENABLE_NS_ASSERTIONS = NO;
				ENABLE_STRICT_OBJC_MSGSEND = YES;
				GCC_C_LANGUAGE_STANDARD = gnu99;
				GCC_NO_COMMON_BLOCKS = YES;
				GCC_WARN_64_TO_32_BIT_CONVERSION = YES;
				GCC_WARN_ABOUT_RETURN_TYPE = YES_ERROR;
				GCC_WARN_UNDECLARED_SELECTOR = YES;
				GCC_WARN_UNINITIALIZED_AUTOS = YES_AGGRESSIVE;
				GCC_WARN_UNUSED_FUNCTION = YES;
				GCC_WARN_UNUSED_VARIABLE = YES;
				IPHONEOS_DEPLOYMENT_TARGET = 8.3;
				MTL_ENABLE_DEBUG_INFO = NO;
				SDKROOT = iphoneos;
				TARGETED_DEVICE_FAMILY = "1,2";
				VALIDATE_PRODUCT = YES;
			};
			name = Release;
		};
		DCB36FD51AA7652B000BB80E /* Debug */ = {
			isa = XCBuildConfiguration;
			buildSettings = {
				ASSETCATALOG_COMPILER_APPICON_NAME = AppIcon;
				CLANG_ENABLE_MODULES = YES;
				INFOPLIST_FILE = MultiToggleButton/Info.plist;
				LD_RUNPATH_SEARCH_PATHS = "$(inherited) @executable_path/Frameworks";
				PRODUCT_NAME = "$(TARGET_NAME)";
				SWIFT_OPTIMIZATION_LEVEL = "-Onone";
			};
			name = Debug;
		};
		DCB36FD61AA7652B000BB80E /* Release */ = {
			isa = XCBuildConfiguration;
			buildSettings = {
				ASSETCATALOG_COMPILER_APPICON_NAME = AppIcon;
				CLANG_ENABLE_MODULES = YES;
				INFOPLIST_FILE = MultiToggleButton/Info.plist;
				LD_RUNPATH_SEARCH_PATHS = "$(inherited) @executable_path/Frameworks";
				PRODUCT_NAME = "$(TARGET_NAME)";
			};
			name = Release;
		};
/* End XCBuildConfiguration section */

/* Begin XCConfigurationList section */
		DCB36FB01AA7652B000BB80E /* Build configuration list for PBXProject "MultiToggleButton" */ = {
			isa = XCConfigurationList;
			buildConfigurations = (
				DCB36FD21AA7652B000BB80E /* Debug */,
				DCB36FD31AA7652B000BB80E /* Release */,
			);
			defaultConfigurationIsVisible = 0;
			defaultConfigurationName = Release;
		};
		DCB36FD41AA7652B000BB80E /* Build configuration list for PBXNativeTarget "MultiToggleButton" */ = {
			isa = XCConfigurationList;
			buildConfigurations = (
				DCB36FD51AA7652B000BB80E /* Debug */,
				DCB36FD61AA7652B000BB80E /* Release */,
			);
			defaultConfigurationIsVisible = 0;
		};
/* End XCConfigurationList section */
	};
	rootObject = DCB36FAD1AA7652B000BB80E /* Project object */;
}
