// !$*UTF8*$!
{
	archiveVersion = 1;
	classes = {
	};
	objectVersion = 46;
	objects = {

/* Begin PBXBuildFile section */
		C80F0FBCA622A8DC059D9697 /* libPods-MultiToggleButtonDemo.a in Frameworks */ = {isa = PBXBuildFile; fileRef = 534C533AA5B4026C4B0D559D /* libPods-MultiToggleButtonDemo.a */; };
		DC5E611E1DE628A70063B0D8 /* LaunchScreen.storyboard in Resources */ = {isa = PBXBuildFile; fileRef = DC5E611C1DE628A70063B0D8 /* LaunchScreen.storyboard */; };
		DC5E612A1DE6295E0063B0D8 /* camera-flash@2x.png in Resources */ = {isa = PBXBuildFile; fileRef = DC5E61251DE6295E0063B0D8 /* camera-flash@2x.png */; };
		DC5E612B1DE6295E0063B0D8 /* clock.png in Resources */ = {isa = PBXBuildFile; fileRef = DC5E61261DE6295E0063B0D8 /* clock.png */; };
		DC5E612C1DE6295E0063B0D8 /* facebook.png in Resources */ = {isa = PBXBuildFile; fileRef = DC5E61271DE6295E0063B0D8 /* facebook.png */; };
		DC5E612D1DE6295E0063B0D8 /* test_tube.png in Resources */ = {isa = PBXBuildFile; fileRef = DC5E61281DE6295E0063B0D8 /* test_tube.png */; };
		DC5E612E1DE6295E0063B0D8 /* ToggleButtonDemo.swift in Sources */ = {isa = PBXBuildFile; fileRef = DC5E61291DE6295E0063B0D8 /* ToggleButtonDemo.swift */; };
		DC8FD8EF22BCF9BF00E35EDB /* README.md in Resources */ = {isa = PBXBuildFile; fileRef = DC8FD8ED22BCF9BF00E35EDB /* README.md */; };
		DC8FD8F022BCF9BF00E35EDB /* CHANGELOG.md in Resources */ = {isa = PBXBuildFile; fileRef = DC8FD8EE22BCF9BF00E35EDB /* CHANGELOG.md */; };
/* End PBXBuildFile section */

/* Begin PBXFileReference section */
		0A1E3D7EC9DEFAD305D7D0F0 /* Pods-MultiToggleButtonDemo.release.xcconfig */ = {isa = PBXFileReference; includeInIndex = 1; lastKnownFileType = text.xcconfig; name = "Pods-MultiToggleButtonDemo.release.xcconfig"; path = "Pods/Target Support Files/Pods-MultiToggleButtonDemo/Pods-MultiToggleButtonDemo.release.xcconfig"; sourceTree = "<group>"; };
		534C533AA5B4026C4B0D559D /* libPods-MultiToggleButtonDemo.a */ = {isa = PBXFileReference; explicitFileType = archive.ar; includeInIndex = 0; path = "libPods-MultiToggleButtonDemo.a"; sourceTree = BUILT_PRODUCTS_DIR; };
		C353DD3F576DFDA6EA48A38D /* Pods-MultiToggleButtonDemo.debug.xcconfig */ = {isa = PBXFileReference; includeInIndex = 1; lastKnownFileType = text.xcconfig; name = "Pods-MultiToggleButtonDemo.debug.xcconfig"; path = "Pods/Target Support Files/Pods-MultiToggleButtonDemo/Pods-MultiToggleButtonDemo.debug.xcconfig"; sourceTree = "<group>"; };
		DC5E61101DE628A70063B0D8 /* MultiToggleButtonDemo.app */ = {isa = PBXFileReference; explicitFileType = wrapper.application; includeInIndex = 0; path = MultiToggleButtonDemo.app; sourceTree = BUILT_PRODUCTS_DIR; };
		DC5E611D1DE628A70063B0D8 /* Base */ = {isa = PBXFileReference; lastKnownFileType = file.storyboard; name = Base; path = Base.lproj/LaunchScreen.storyboard; sourceTree = "<group>"; };
		DC5E611F1DE628A70063B0D8 /* Info.plist */ = {isa = PBXFileReference; lastKnownFileType = text.plist.xml; path = Info.plist; sourceTree = "<group>"; };
		DC5E61251DE6295E0063B0D8 /* camera-flash@2x.png */ = {isa = PBXFileReference; lastKnownFileType = image.png; path = "camera-flash@2x.png"; sourceTree = "<group>"; };
		DC5E61261DE6295E0063B0D8 /* clock.png */ = {isa = PBXFileReference; lastKnownFileType = image.png; path = clock.png; sourceTree = "<group>"; };
		DC5E61271DE6295E0063B0D8 /* facebook.png */ = {isa = PBXFileReference; lastKnownFileType = image.png; path = facebook.png; sourceTree = "<group>"; };
		DC5E61281DE6295E0063B0D8 /* test_tube.png */ = {isa = PBXFileReference; lastKnownFileType = image.png; path = test_tube.png; sourceTree = "<group>"; };
		DC5E61291DE6295E0063B0D8 /* ToggleButtonDemo.swift */ = {isa = PBXFileReference; fileEncoding = 4; lastKnownFileType = sourcecode.swift; path = ToggleButtonDemo.swift; sourceTree = "<group>"; };
		DC8FD8ED22BCF9BF00E35EDB /* README.md */ = {isa = PBXFileReference; fileEncoding = 4; lastKnownFileType = net.daringfireball.markdown; name = README.md; path = ../README.md; sourceTree = "<group>"; };
		DC8FD8EE22BCF9BF00E35EDB /* CHANGELOG.md */ = {isa = PBXFileReference; fileEncoding = 4; lastKnownFileType = net.daringfireball.markdown; name = CHANGELOG.md; path = ../CHANGELOG.md; sourceTree = "<group>"; };
/* End PBXFileReference section */

/* Begin PBXFrameworksBuildPhase section */
		DC5E610D1DE628A70063B0D8 /* Frameworks */ = {
			isa = PBXFrameworksBuildPhase;
			buildActionMask = 2147483647;
			files = (
				C80F0FBCA622A8DC059D9697 /* libPods-MultiToggleButtonDemo.a in Frameworks */,
			);
			runOnlyForDeploymentPostprocessing = 0;
		};
/* End PBXFrameworksBuildPhase section */

/* Begin PBXGroup section */
		935C13C6E41231C23DF1592A /* Frameworks */ = {
			isa = PBXGroup;
			children = (
				534C533AA5B4026C4B0D559D /* libPods-MultiToggleButtonDemo.a */,
			);
			name = Frameworks;
			sourceTree = "<group>";
		};
		DC5E61071DE628A70063B0D8 = {
			isa = PBXGroup;
			children = (
				DC8FD8ED22BCF9BF00E35EDB /* README.md */,
				DC8FD8EE22BCF9BF00E35EDB /* CHANGELOG.md */,
				DC5E61121DE628A70063B0D8 /* MultiToggleButtonDemo */,
				DC5E61111DE628A70063B0D8 /* Products */,
				EFCB9201B9C33CCF682EA739 /* Pods */,
				935C13C6E41231C23DF1592A /* Frameworks */,
			);
			sourceTree = "<group>";
		};
		DC5E61111DE628A70063B0D8 /* Products */ = {
			isa = PBXGroup;
			children = (
				DC5E61101DE628A70063B0D8 /* MultiToggleButtonDemo.app */,
			);
			name = Products;
			sourceTree = "<group>";
		};
		DC5E61121DE628A70063B0D8 /* MultiToggleButtonDemo */ = {
			isa = PBXGroup;
			children = (
				DC5E61251DE6295E0063B0D8 /* camera-flash@2x.png */,
				DC5E61261DE6295E0063B0D8 /* clock.png */,
				DC5E61271DE6295E0063B0D8 /* facebook.png */,
				DC5E61281DE6295E0063B0D8 /* test_tube.png */,
				DC5E61291DE6295E0063B0D8 /* ToggleButtonDemo.swift */,
				DC5E611C1DE628A70063B0D8 /* LaunchScreen.storyboard */,
				DC5E611F1DE628A70063B0D8 /* Info.plist */,
			);
			path = MultiToggleButtonDemo;
			sourceTree = "<group>";
		};
		EFCB9201B9C33CCF682EA739 /* Pods */ = {
			isa = PBXGroup;
			children = (
				C353DD3F576DFDA6EA48A38D /* Pods-MultiToggleButtonDemo.debug.xcconfig */,
				0A1E3D7EC9DEFAD305D7D0F0 /* Pods-MultiToggleButtonDemo.release.xcconfig */,
			);
			name = Pods;
			sourceTree = "<group>";
		};
/* End PBXGroup section */

/* Begin PBXNativeTarget section */
		DC5E610F1DE628A70063B0D8 /* MultiToggleButtonDemo */ = {
			isa = PBXNativeTarget;
			buildConfigurationList = DC5E61221DE628A70063B0D8 /* Build configuration list for PBXNativeTarget "MultiToggleButtonDemo" */;
			buildPhases = (
				7313476D0B2974DC65D83BB2 /* [CP] Check Pods Manifest.lock */,
				0F485A05B912C8BA38ED0487 /* [CP-User] SwiftFormat */,
				4E25180577CF59172A8FBF37 /* [CP-User] SwiftLintAutocorrect */,
				DC5E610C1DE628A70063B0D8 /* Sources */,
				DC5E610D1DE628A70063B0D8 /* Frameworks */,
				DC5E610E1DE628A70063B0D8 /* Resources */,
				FF418F68FBEB9ECC38263743 /* [CP-User] SwiftLint */,
				E54AA3C97E2BE308061CC988 /* [CP] Copy Pods Resources */,
			);
			buildRules = (
			);
			dependencies = (
			);
			name = MultiToggleButtonDemo;
			productName = MultiToggleButtonDemo;
			productReference = DC5E61101DE628A70063B0D8 /* MultiToggleButtonDemo.app */;
			productType = "com.apple.product-type.application";
		};
/* End PBXNativeTarget section */

/* Begin PBXProject section */
		DC5E61081DE628A70063B0D8 /* Project object */ = {
			isa = PBXProject;
			attributes = {
				LastSwiftUpdateCheck = 0810;
				LastUpgradeCheck = 1020;
				ORGANIZATIONNAME = "Yonat Sharon";
				TargetAttributes = {
					DC5E610F1DE628A70063B0D8 = {
						CreatedOnToolsVersion = 8.1;
						LastSwiftMigration = 1000;
						ProvisioningStyle = Automatic;
					};
				};
			};
			buildConfigurationList = DC5E610B1DE628A70063B0D8 /* Build configuration list for PBXProject "MultiToggleButtonDemo" */;
			compatibilityVersion = "Xcode 3.2";
			developmentRegion = en;
			hasScannedForEncodings = 0;
			knownRegions = (
				en,
				Base,
			);
			mainGroup = DC5E61071DE628A70063B0D8;
			productRefGroup = DC5E61111DE628A70063B0D8 /* Products */;
			projectDirPath = "";
			projectRoot = "";
			targets = (
				DC5E610F1DE628A70063B0D8 /* MultiToggleButtonDemo */,
			);
		};
/* End PBXProject section */

/* Begin PBXResourcesBuildPhase section */
		DC5E610E1DE628A70063B0D8 /* Resources */ = {
			isa = PBXResourcesBuildPhase;
			buildActionMask = 2147483647;
			files = (
				DC8FD8EF22BCF9BF00E35EDB /* README.md in Resources */,
				DC5E612A1DE6295E0063B0D8 /* camera-flash@2x.png in Resources */,
				DC5E612C1DE6295E0063B0D8 /* facebook.png in Resources */,
				DC5E612B1DE6295E0063B0D8 /* clock.png in Resources */,
				DC5E612D1DE6295E0063B0D8 /* test_tube.png in Resources */,
				DC8FD8F022BCF9BF00E35EDB /* CHANGELOG.md in Resources */,
				DC5E611E1DE628A70063B0D8 /* LaunchScreen.storyboard in Resources */,
			);
			runOnlyForDeploymentPostprocessing = 0;
		};
/* End PBXResourcesBuildPhase section */

/* Begin PBXShellScriptBuildPhase section */
		0F485A05B912C8BA38ED0487 /* [CP-User] SwiftFormat */ = {
			isa = PBXShellScriptBuildPhase;
			alwaysOutOfDate = 1;
			buildActionMask = 2147483647;
			files = (
			);
			name = "[CP-User] SwiftFormat";
			runOnlyForDeploymentPostprocessing = 0;
			shellPath = /bin/sh;
			shellScript = "if [[ \"Debug\" == \"${CONFIGURATION}\" && ! $ENABLE_PREVIEWS == \"YES\" ]]; then \"${PODS_ROOT}/SwiftFormat/CommandLineTool/swiftformat\" --swiftversion ${SWIFT_VERSION} --config \"${PODS_ROOT}/SwiftQuality/.swiftformat\" \"${SRCROOT}/..\" ; fi";
			showEnvVarsInLog = 0;
		};
		4E25180577CF59172A8FBF37 /* [CP-User] SwiftLintAutocorrect */ = {
			isa = PBXShellScriptBuildPhase;
			alwaysOutOfDate = 1;
			buildActionMask = 2147483647;
			files = (
			);
			name = "[CP-User] SwiftLintAutocorrect";
			runOnlyForDeploymentPostprocessing = 0;
			shellPath = /bin/sh;
			shellScript = "if [[ \"Debug\" == \"${CONFIGURATION}\" && ! $ENABLE_PREVIEWS == \"YES\" ]]; then \"${PODS_ROOT}/SwiftLint/swiftlint\" --fix --config \"${PODS_ROOT}/SwiftQuality/.swiftlint.yml\" \"${SRCROOT}/..\" ; fi";
			showEnvVarsInLog = 0;
		};
		7313476D0B2974DC65D83BB2 /* [CP] Check Pods Manifest.lock */ = {
			isa = PBXShellScriptBuildPhase;
			buildActionMask = 2147483647;
			files = (
			);
			inputPaths = (
				"${PODS_PODFILE_DIR_PATH}/Podfile.lock",
				"${PODS_ROOT}/Manifest.lock",
			);
			name = "[CP] Check Pods Manifest.lock";
			outputPaths = (
				"$(DERIVED_FILE_DIR)/Pods-MultiToggleButtonDemo-checkManifestLockResult.txt",
			);
			runOnlyForDeploymentPostprocessing = 0;
			shellPath = /bin/sh;
			shellScript = "diff \"${PODS_PODFILE_DIR_PATH}/Podfile.lock\" \"${PODS_ROOT}/Manifest.lock\" > /dev/null\nif [ $? != 0 ] ; then\n    # print error to STDERR\n    echo \"error: The sandbox is not in sync with the Podfile.lock. Run 'pod install' or update your CocoaPods installation.\" >&2\n    exit 1\nfi\n# This output is used by Xcode 'outputs' to avoid re-running this script phase.\necho \"SUCCESS\" > \"${SCRIPT_OUTPUT_FILE_0}\"\n";
			showEnvVarsInLog = 0;
		};
		E54AA3C97E2BE308061CC988 /* [CP] Copy Pods Resources */ = {
			isa = PBXShellScriptBuildPhase;
			buildActionMask = 2147483647;
			files = (
			);
			inputPaths = (
				"${PODS_ROOT}/Target Support Files/Pods-MultiToggleButtonDemo/Pods-MultiToggleButtonDemo-resources.sh",
				"${PODS_CONFIGURATION_BUILD_DIR}/MultiToggleButton/MultiToggleButton.bundle",
			);
			name = "[CP] Copy Pods Resources";
			outputPaths = (
				"${TARGET_BUILD_DIR}/${UNLOCALIZED_RESOURCES_FOLDER_PATH}/MultiToggleButton.bundle",
			);
			runOnlyForDeploymentPostprocessing = 0;
			shellPath = /bin/sh;
			shellScript = "\"${PODS_ROOT}/Target Support Files/Pods-MultiToggleButtonDemo/Pods-MultiToggleButtonDemo-resources.sh\"\n";
			showEnvVarsInLog = 0;
		};
		FF418F68FBEB9ECC38263743 /* [CP-User] SwiftLint */ = {
			isa = PBXShellScriptBuildPhase;
			alwaysOutOfDate = 1;
			buildActionMask = 2147483647;
			files = (
			);
			name = "[CP-User] SwiftLint";
			runOnlyForDeploymentPostprocessing = 0;
			shellPath = /bin/sh;
			shellScript = "if [ \"Debug\" == \"${CONFIGURATION}\" && ! $ENABLE_PREVIEWS == \"YES\" ]; then \"${PODS_ROOT}/SwiftLint/swiftlint\" --config \"${PODS_ROOT}/SwiftQuality/.swiftlint.yml\" \"${SRCROOT}/..\" ; fi";
			showEnvVarsInLog = 0;
		};
/* End PBXShellScriptBuildPhase section */

/* Begin PBXSourcesBuildPhase section */
		DC5E610C1DE628A70063B0D8 /* Sources */ = {
			isa = PBXSourcesBuildPhase;
			buildActionMask = 2147483647;
			files = (
				DC5E612E1DE6295E0063B0D8 /* ToggleButtonDemo.swift in Sources */,
			);
			runOnlyForDeploymentPostprocessing = 0;
		};
/* End PBXSourcesBuildPhase section */

/* Begin PBXVariantGroup section */
		DC5E611C1DE628A70063B0D8 /* LaunchScreen.storyboard */ = {
			isa = PBXVariantGroup;
			children = (
				DC5E611D1DE628A70063B0D8 /* Base */,
			);
			name = LaunchScreen.storyboard;
			sourceTree = "<group>";
		};
/* End PBXVariantGroup section */

/* Begin XCBuildConfiguration section */
		DC5E61201DE628A70063B0D8 /* Debug */ = {
			isa = XCBuildConfiguration;
			buildSettings = {
				ALWAYS_SEARCH_USER_PATHS = NO;
				CLANG_ANALYZER_NONNULL = YES;
				CLANG_CXX_LANGUAGE_STANDARD = "gnu++0x";
				CLANG_CXX_LIBRARY = "libc++";
				CLANG_ENABLE_MODULES = YES;
				CLANG_ENABLE_OBJC_ARC = YES;
				CLANG_WARN_BLOCK_CAPTURE_AUTORELEASING = YES;
				CLANG_WARN_BOOL_CONVERSION = YES;
				CLANG_WARN_COMMA = YES;
				CLANG_WARN_CONSTANT_CONVERSION = YES;
				CLANG_WARN_DEPRECATED_OBJC_IMPLEMENTATIONS = YES;
				CLANG_WARN_DIRECT_OBJC_ISA_USAGE = YES_ERROR;
				CLANG_WARN_DOCUMENTATION_COMMENTS = YES;
				CLANG_WARN_EMPTY_BODY = YES;
				CLANG_WARN_ENUM_CONVERSION = YES;
				CLANG_WARN_INFINITE_RECURSION = YES;
				CLANG_WARN_INT_CONVERSION = YES;
				CLANG_WARN_NON_LITERAL_NULL_CONVERSION = YES;
				CLANG_WARN_OBJC_IMPLICIT_RETAIN_SELF = YES;
				CLANG_WARN_OBJC_LITERAL_CONVERSION = YES;
				CLANG_WARN_OBJC_ROOT_CLASS = YES_ERROR;
				CLANG_WARN_RANGE_LOOP_ANALYSIS = YES;
				CLANG_WARN_STRICT_PROTOTYPES = YES;
				CLANG_WARN_SUSPICIOUS_MOVE = YES;
				CLANG_WARN_SUSPICIOUS_MOVES = YES;
				CLANG_WARN_UNREACHABLE_CODE = YES;
				CLANG_WARN__DUPLICATE_METHOD_MATCH = YES;
				"CODE_SIGN_IDENTITY[sdk=iphoneos*]" = "iPhone Developer";
				COPY_PHASE_STRIP = NO;
				DEBUG_INFORMATION_FORMAT = dwarf;
				ENABLE_STRICT_OBJC_MSGSEND = YES;
				ENABLE_TESTABILITY = YES;
				GCC_C_LANGUAGE_STANDARD = gnu99;
				GCC_DYNAMIC_NO_PIC = NO;
				GCC_NO_COMMON_BLOCKS = YES;
				GCC_OPTIMIZATION_LEVEL = 0;
				GCC_PREPROCESSOR_DEFINITIONS = (
					"DEBUG=1",
					"$(inherited)",
				);
				GCC_WARN_64_TO_32_BIT_CONVERSION = YES;
				GCC_WARN_ABOUT_RETURN_TYPE = YES_ERROR;
				GCC_WARN_UNDECLARED_SELECTOR = YES;
				GCC_WARN_UNINITIALIZED_AUTOS = YES_AGGRESSIVE;
				GCC_WARN_UNUSED_FUNCTION = YES;
				GCC_WARN_UNUSED_VARIABLE = YES;
				IPHONEOS_DEPLOYMENT_TARGET = 11;
				MTL_ENABLE_DEBUG_INFO = YES;
				ONLY_ACTIVE_ARCH = YES;
				SDKROOT = iphoneos;
				SWIFT_ACTIVE_COMPILATION_CONDITIONS = DEBUG;
				SWIFT_OPTIMIZATION_LEVEL = "-Onone";
				SWIFT_VERSION = 5.0;
				TARGETED_DEVICE_FAMILY = "1,2";
			};
			name = Debug;
		};
		DC5E61211DE628A70063B0D8 /* Release */ = {
			isa = XCBuildConfiguration;
			buildSettings = {
				ALWAYS_SEARCH_USER_PATHS = NO;
				CLANG_ANALYZER_NONNULL = YES;
				CLANG_CXX_LANGUAGE_STANDARD = "gnu++0x";
				CLANG_CXX_LIBRARY = "libc++";
				CLANG_ENABLE_MODULES = YES;
				CLANG_ENABLE_OBJC_ARC = YES;
				CLANG_WARN_BLOCK_CAPTURE_AUTORELEASING = YES;
				CLANG_WARN_BOOL_CONVERSION = YES;
				CLANG_WARN_COMMA = YES;
				CLANG_WARN_CONSTANT_CONVERSION = YES;
				CLANG_WARN_DEPRECATED_OBJC_IMPLEMENTATIONS = YES;
				CLANG_WARN_DIRECT_OBJC_ISA_USAGE = YES_ERROR;
				CLANG_WARN_DOCUMENTATION_COMMENTS = YES;
				CLANG_WARN_EMPTY_BODY = YES;
				CLANG_WARN_ENUM_CONVERSION = YES;
				CLANG_WARN_INFINITE_RECURSION = YES;
				CLANG_WARN_INT_CONVERSION = YES;
				CLANG_WARN_NON_LITERAL_NULL_CONVERSION = YES;
				CLANG_WARN_OBJC_IMPLICIT_RETAIN_SELF = YES;
				CLANG_WARN_OBJC_LITERAL_CONVERSION = YES;
				CLANG_WARN_OBJC_ROOT_CLASS = YES_ERROR;
				CLANG_WARN_RANGE_LOOP_ANALYSIS = YES;
				CLANG_WARN_STRICT_PROTOTYPES = YES;
				CLANG_WARN_SUSPICIOUS_MOVE = YES;
				CLANG_WARN_SUSPICIOUS_MOVES = YES;
				CLANG_WARN_UNREACHABLE_CODE = YES;
				CLANG_WARN__DUPLICATE_METHOD_MATCH = YES;
				"CODE_SIGN_IDENTITY[sdk=iphoneos*]" = "iPhone Developer";
				COPY_PHASE_STRIP = NO;
				DEBUG_INFORMATION_FORMAT = "dwarf-with-dsym";
				ENABLE_NS_ASSERTIONS = NO;
				ENABLE_STRICT_OBJC_MSGSEND = YES;
				GCC_C_LANGUAGE_STANDARD = gnu99;
				GCC_NO_COMMON_BLOCKS = YES;
				GCC_WARN_64_TO_32_BIT_CONVERSION = YES;
				GCC_WARN_ABOUT_RETURN_TYPE = YES_ERROR;
				GCC_WARN_UNDECLARED_SELECTOR = YES;
				GCC_WARN_UNINITIALIZED_AUTOS = YES_AGGRESSIVE;
				GCC_WARN_UNUSED_FUNCTION = YES;
				GCC_WARN_UNUSED_VARIABLE = YES;
				IPHONEOS_DEPLOYMENT_TARGET = 11;
				MTL_ENABLE_DEBUG_INFO = NO;
				SDKROOT = iphoneos;
				SWIFT_OPTIMIZATION_LEVEL = "-Owholemodule";
				SWIFT_VERSION = 5.0;
				TARGETED_DEVICE_FAMILY = "1,2";
				VALIDATE_PRODUCT = YES;
			};
			name = Release;
		};
		DC5E61231DE628A70063B0D8 /* Debug */ = {
			isa = XCBuildConfiguration;
			baseConfigurationReference = C353DD3F576DFDA6EA48A38D /* Pods-MultiToggleButtonDemo.debug.xcconfig */;
			buildSettings = {
				INFOPLIST_FILE = MultiToggleButtonDemo/Info.plist;
				LD_RUNPATH_SEARCH_PATHS = "$(inherited) @executable_path/Frameworks";
				PRODUCT_BUNDLE_IDENTIFIER = com.roysharon.MultiToggleButtonDemo;
				PRODUCT_NAME = "$(TARGET_NAME)";
			};
			name = Debug;
		};
		DC5E61241DE628A70063B0D8 /* Release */ = {
			isa = XCBuildConfiguration;
			baseConfigurationReference = 0A1E3D7EC9DEFAD305D7D0F0 /* Pods-MultiToggleButtonDemo.release.xcconfig */;
			buildSettings = {
				INFOPLIST_FILE = MultiToggleButtonDemo/Info.plist;
				LD_RUNPATH_SEARCH_PATHS = "$(inherited) @executable_path/Frameworks";
				PRODUCT_BUNDLE_IDENTIFIER = com.roysharon.MultiToggleButtonDemo;
				PRODUCT_NAME = "$(TARGET_NAME)";
			};
			name = Release;
		};
/* End XCBuildConfiguration section */

/* Begin XCConfigurationList section */
		DC5E610B1DE628A70063B0D8 /* Build configuration list for PBXProject "MultiToggleButtonDemo" */ = {
			isa = XCConfigurationList;
			buildConfigurations = (
				DC5E61201DE628A70063B0D8 /* Debug */,
				DC5E61211DE628A70063B0D8 /* Release */,
			);
			defaultConfigurationIsVisible = 0;
			defaultConfigurationName = Release;
		};
		DC5E61221DE628A70063B0D8 /* Build configuration list for PBXNativeTarget "MultiToggleButtonDemo" */ = {
			isa = XCConfigurationList;
			buildConfigurations = (
				DC5E61231DE628A70063B0D8 /* Debug */,
				DC5E61241DE628A70063B0D8 /* Release */,
			);
			defaultConfigurationIsVisible = 0;
			defaultConfigurationName = Release;
		};
/* End XCConfigurationList section */
	};
	rootObject = DC5E61081DE628A70063B0D8 /* Project object */;
}
